// !$*UTF8*$!
{
	archiveVersion = 1;
	classes = {
	};
	objectVersion = 46;
	objects = {

/* Begin PBXBuildFile section */
		5E47D8FA1DCD6B3A00B7EDC8 /* main.m in Sources */ = {isa = PBXBuildFile; fileRef = 5E47D8F91DCD6B3A00B7EDC8 /* main.m */; };
		5E47D8FD1DCD6B3A00B7EDC8 /* AppDelegate.m in Sources */ = {isa = PBXBuildFile; fileRef = 5E47D8FC1DCD6B3A00B7EDC8 /* AppDelegate.m */; };
		5E47D9051DCD6B3A00B7EDC8 /* Assets.xcassets in Resources */ = {isa = PBXBuildFile; fileRef = 5E47D9041DCD6B3A00B7EDC8 /* Assets.xcassets */; };
		5E47D9171DCDAE3D00B7EDC8 /* LaunchScreen.storyboard in Resources */ = {isa = PBXBuildFile; fileRef = 5E47D9161DCDAE3D00B7EDC8 /* LaunchScreen.storyboard */; };
		5EDAD56E1F467F7700B8022E /* FontsDownloadController.m in Sources */ = {isa = PBXBuildFile; fileRef = 5EDAD56D1F467F7700B8022E /* FontsDownloadController.m */; };
		AA9C907A652BCE3ED0DF9217 /* libPods-FontsDownload.a in Frameworks */ = {isa = PBXBuildFile; fileRef = 4E124B644738A7A5D2684131 /* libPods-FontsDownload.a */; };
/* End PBXBuildFile section */

/* Begin PBXFileReference section */
		3DA78CC432F53FC3BB74277D /* Pods-FontsDownload.release.xcconfig */ = {isa = PBXFileReference; includeInIndex = 1; lastKnownFileType = text.xcconfig; name = "Pods-FontsDownload.release.xcconfig"; path = "Pods/Target Support Files/Pods-FontsDownload/Pods-FontsDownload.release.xcconfig"; sourceTree = "<group>"; };
		4E124B644738A7A5D2684131 /* libPods-FontsDownload.a */ = {isa = PBXFileReference; explicitFileType = archive.ar; includeInIndex = 0; path = "libPods-FontsDownload.a"; sourceTree = BUILT_PRODUCTS_DIR; };
		5E47D8F51DCD6B3A00B7EDC8 /* FontsDownload.app */ = {isa = PBXFileReference; explicitFileType = wrapper.application; includeInIndex = 0; path = FontsDownload.app; sourceTree = BUILT_PRODUCTS_DIR; };
		5E47D8F91DCD6B3A00B7EDC8 /* main.m */ = {isa = PBXFileReference; lastKnownFileType = sourcecode.c.objc; path = main.m; sourceTree = "<group>"; };
		5E47D8FB1DCD6B3A00B7EDC8 /* AppDelegate.h */ = {isa = PBXFileReference; lastKnownFileType = sourcecode.c.h; path = AppDelegate.h; sourceTree = "<group>"; };
		5E47D8FC1DCD6B3A00B7EDC8 /* AppDelegate.m */ = {isa = PBXFileReference; lastKnownFileType = sourcecode.c.objc; path = AppDelegate.m; sourceTree = "<group>"; };
		5E47D9041DCD6B3A00B7EDC8 /* Assets.xcassets */ = {isa = PBXFileReference; lastKnownFileType = folder.assetcatalog; path = Assets.xcassets; sourceTree = "<group>"; };
		5E47D9091DCD6B3A00B7EDC8 /* Info.plist */ = {isa = PBXFileReference; lastKnownFileType = text.plist.xml; path = Info.plist; sourceTree = "<group>"; };
		5E47D9121DCD77C200B7EDC8 /* FontsDownload.pch */ = {isa = PBXFileReference; lastKnownFileType = sourcecode.c.h; path = FontsDownload.pch; sourceTree = "<group>"; };
		5E47D9161DCDAE3D00B7EDC8 /* LaunchScreen.storyboard */ = {isa = PBXFileReference; fileEncoding = 4; lastKnownFileType = file.storyboard; path = LaunchScreen.storyboard; sourceTree = "<group>"; };
		5EB6F74F1F459E5400C70C8F /* Header.h */ = {isa = PBXFileReference; lastKnownFileType = sourcecode.c.h; path = Header.h; sourceTree = "<group>"; };
		5EDAD56C1F467F7700B8022E /* FontsDownloadController.h */ = {isa = PBXFileReference; fileEncoding = 4; lastKnownFileType = sourcecode.c.h; path = FontsDownloadController.h; sourceTree = "<group>"; };
		5EDAD56D1F467F7700B8022E /* FontsDownloadController.m */ = {isa = PBXFileReference; fileEncoding = 4; lastKnownFileType = sourcecode.c.objc; path = FontsDownloadController.m; sourceTree = "<group>"; };
		770494363DD8270615CAFA9E /* Pods-FontsDownload.debug.xcconfig */ = {isa = PBXFileReference; includeInIndex = 1; lastKnownFileType = text.xcconfig; name = "Pods-FontsDownload.debug.xcconfig"; path = "Pods/Target Support Files/Pods-FontsDownload/Pods-FontsDownload.debug.xcconfig"; sourceTree = "<group>"; };
/* End PBXFileReference section */

/* Begin PBXFrameworksBuildPhase section */
		5E47D8F21DCD6B3A00B7EDC8 /* Frameworks */ = {
			isa = PBXFrameworksBuildPhase;
			buildActionMask = 2147483647;
			files = (
				AA9C907A652BCE3ED0DF9217 /* libPods-FontsDownload.a in Frameworks */,
			);
			runOnlyForDeploymentPostprocessing = 0;
		};
/* End PBXFrameworksBuildPhase section */

/* Begin PBXGroup section */
		0F50BAD3FB9C5567EC60A7F5 /* Frameworks */ = {
			isa = PBXGroup;
			children = (
				4E124B644738A7A5D2684131 /* libPods-FontsDownload.a */,
			);
			name = Frameworks;
			sourceTree = "<group>";
		};
		5E47D8EC1DCD6B3A00B7EDC8 = {
			isa = PBXGroup;
			children = (
				5E47D8F71DCD6B3A00B7EDC8 /* FontsDownload */,
				5E47D8F61DCD6B3A00B7EDC8 /* Products */,
				A1143716AEE9524E5170395E /* Pods */,
				0F50BAD3FB9C5567EC60A7F5 /* Frameworks */,
			);
			sourceTree = "<group>";
		};
		5E47D8F61DCD6B3A00B7EDC8 /* Products */ = {
			isa = PBXGroup;
			children = (
				5E47D8F51DCD6B3A00B7EDC8 /* FontsDownload.app */,
			);
			name = Products;
			sourceTree = "<group>";
		};
		5E47D8F71DCD6B3A00B7EDC8 /* FontsDownload */ = {
			isa = PBXGroup;
			children = (
				5EDAD56B1F467F7700B8022E /* FontsDownloadController */,
				5E47D8FB1DCD6B3A00B7EDC8 /* AppDelegate.h */,
				5E47D8FC1DCD6B3A00B7EDC8 /* AppDelegate.m */,
				5EB6F74F1F459E5400C70C8F /* Header.h */,
				5E47D9161DCDAE3D00B7EDC8 /* LaunchScreen.storyboard */,
				5E47D9041DCD6B3A00B7EDC8 /* Assets.xcassets */,
				5E47D9091DCD6B3A00B7EDC8 /* Info.plist */,
				5E47D8F81DCD6B3A00B7EDC8 /* Supporting Files */,
			);
			path = FontsDownload;
			sourceTree = "<group>";
		};
		5E47D8F81DCD6B3A00B7EDC8 /* Supporting Files */ = {
			isa = PBXGroup;
			children = (
				5E47D8F91DCD6B3A00B7EDC8 /* main.m */,
				5E47D9121DCD77C200B7EDC8 /* FontsDownload.pch */,
			);
			name = "Supporting Files";
			sourceTree = "<group>";
		};
		5EDAD56B1F467F7700B8022E /* FontsDownloadController */ = {
			isa = PBXGroup;
			children = (
				5EDAD56C1F467F7700B8022E /* FontsDownloadController.h */,
				5EDAD56D1F467F7700B8022E /* FontsDownloadController.m */,
			);
			path = FontsDownloadController;
			sourceTree = "<group>";
		};
		A1143716AEE9524E5170395E /* Pods */ = {
			isa = PBXGroup;
			children = (
				770494363DD8270615CAFA9E /* Pods-FontsDownload.debug.xcconfig */,
				3DA78CC432F53FC3BB74277D /* Pods-FontsDownload.release.xcconfig */,
			);
			name = Pods;
			sourceTree = "<group>";
		};
/* End PBXGroup section */

/* Begin PBXNativeTarget section */
		5E47D8F41DCD6B3A00B7EDC8 /* FontsDownload */ = {
			isa = PBXNativeTarget;
			buildConfigurationList = 5E47D90C1DCD6B3A00B7EDC8 /* Build configuration list for PBXNativeTarget "FontsDownload" */;
			buildPhases = (
				B2FC27819AA49C25CD2CD1C9 /* [CP] Check Pods Manifest.lock */,
				5E47D8F11DCD6B3A00B7EDC8 /* Sources */,
				5E47D8F21DCD6B3A00B7EDC8 /* Frameworks */,
				5E47D8F31DCD6B3A00B7EDC8 /* Resources */,
				8F96920C194FA5D23E4D3A90 /* [CP] Embed Pods Frameworks */,
				961E89206A9EF4E2DEDEAC1B /* [CP] Copy Pods Resources */,
			);
			buildRules = (
			);
			dependencies = (
			);
			name = FontsDownload;
			productName = FontsDownload;
			productReference = 5E47D8F51DCD6B3A00B7EDC8 /* FontsDownload.app */;
			productType = "com.apple.product-type.application";
		};
/* End PBXNativeTarget section */

/* Begin PBXProject section */
		5E47D8ED1DCD6B3A00B7EDC8 /* Project object */ = {
			isa = PBXProject;
			attributes = {
				LastUpgradeCheck = 0800;
				ORGANIZATIONNAME = Lang.FZ;
				TargetAttributes = {
					5E47D8F41DCD6B3A00B7EDC8 = {
						CreatedOnToolsVersion = 8.0;
						DevelopmentTeam = 496JMV52SE;
						ProvisioningStyle = Automatic;
					};
				};
			};
			buildConfigurationList = 5E47D8F01DCD6B3A00B7EDC8 /* Build configuration list for PBXProject "FontsDownload" */;
			compatibilityVersion = "Xcode 3.2";
			developmentRegion = English;
			hasScannedForEncodings = 0;
			knownRegions = (
				en,
				Base,
			);
			mainGroup = 5E47D8EC1DCD6B3A00B7EDC8;
			productRefGroup = 5E47D8F61DCD6B3A00B7EDC8 /* Products */;
			projectDirPath = "";
			projectRoot = "";
			targets = (
				5E47D8F41DCD6B3A00B7EDC8 /* FontsDownload */,
			);
		};
/* End PBXProject section */

/* Begin PBXResourcesBuildPhase section */
		5E47D8F31DCD6B3A00B7EDC8 /* Resources */ = {
			isa = PBXResourcesBuildPhase;
			buildActionMask = 2147483647;
			files = (
				5E47D9051DCD6B3A00B7EDC8 /* Assets.xcassets in Resources */,
				5E47D9171DCDAE3D00B7EDC8 /* LaunchScreen.storyboard in Resources */,
			);
			runOnlyForDeploymentPostprocessing = 0;
		};
/* End PBXResourcesBuildPhase section */

/* Begin PBXShellScriptBuildPhase section */
		8F96920C194FA5D23E4D3A90 /* [CP] Embed Pods Frameworks */ = {
			isa = PBXShellScriptBuildPhase;
			buildActionMask = 2147483647;
			files = (
			);
			inputPaths = (
			);
			name = "[CP] Embed Pods Frameworks";
			outputPaths = (
			);
			runOnlyForDeploymentPostprocessing = 0;
			shellPath = /bin/sh;
			shellScript = "\"${SRCROOT}/Pods/Target Support Files/Pods-FontsDownload/Pods-FontsDownload-frameworks.sh\"\n";
			showEnvVarsInLog = 0;
		};
		961E89206A9EF4E2DEDEAC1B /* [CP] Copy Pods Resources */ = {
			isa = PBXShellScriptBuildPhase;
			buildActionMask = 2147483647;
			files = (
			);
			inputPaths = (
			);
			name = "[CP] Copy Pods Resources";
			outputPaths = (
			);
			runOnlyForDeploymentPostprocessing = 0;
			shellPath = /bin/sh;
			shellScript = "\"${SRCROOT}/Pods/Target Support Files/Pods-FontsDownload/Pods-FontsDownload-resources.sh\"\n";
			showEnvVarsInLog = 0;
		};
		B2FC27819AA49C25CD2CD1C9 /* [CP] Check Pods Manifest.lock */ = {
			isa = PBXShellScriptBuildPhase;
			buildActionMask = 2147483647;
			files = (
			);
			inputPaths = (
			);
			name = "[CP] Check Pods Manifest.lock";
			outputPaths = (
			);
			runOnlyForDeploymentPostprocessing = 0;
			shellPath = /bin/sh;
			shellScript = "diff \"${PODS_ROOT}/../Podfile.lock\" \"${PODS_ROOT}/Manifest.lock\" > /dev/null\nif [[ $? != 0 ]] ; then\n    cat << EOM\nerror: The sandbox is not in sync with the Podfile.lock. Run 'pod install' or update your CocoaPods installation.\nEOM\n    exit 1\nfi\n";
			showEnvVarsInLog = 0;
		};
/* End PBXShellScriptBuildPhase section */

/* Begin PBXSourcesBuildPhase section */
		5E47D8F11DCD6B3A00B7EDC8 /* Sources */ = {
			isa = PBXSourcesBuildPhase;
			buildActionMask = 2147483647;
			files = (
				5E47D8FD1DCD6B3A00B7EDC8 /* AppDelegate.m in Sources */,
				5EDAD56E1F467F7700B8022E /* FontsDownloadController.m in Sources */,
				5E47D8FA1DCD6B3A00B7EDC8 /* main.m in Sources */,
			);
			runOnlyForDeploymentPostprocessing = 0;
		};
/* End PBXSourcesBuildPhase section */

/* Begin XCBuildConfiguration section */
		5E47D90A1DCD6B3A00B7EDC8 /* Debug */ = {
			isa = XCBuildConfiguration;
			buildSettings = {
				ALWAYS_SEARCH_USER_PATHS = NO;
				CLANG_ANALYZER_NONNULL = YES;
				CLANG_CXX_LANGUAGE_STANDARD = "gnu++0x";
				CLANG_CXX_LIBRARY = "libc++";
				CLANG_ENABLE_MODULES = YES;
				CLANG_ENABLE_OBJC_ARC = YES;
				CLANG_WARN_BOOL_CONVERSION = YES;
				CLANG_WARN_CONSTANT_CONVERSION = YES;
				CLANG_WARN_DIRECT_OBJC_ISA_USAGE = YES_ERROR;
				CLANG_WARN_DOCUMENTATION_COMMENTS = YES;
				CLANG_WARN_EMPTY_BODY = YES;
				CLANG_WARN_ENUM_CONVERSION = YES;
				CLANG_WARN_INFINITE_RECURSION = YES;
				CLANG_WARN_INT_CONVERSION = YES;
				CLANG_WARN_OBJC_ROOT_CLASS = YES_ERROR;
				CLANG_WARN_SUSPICIOUS_MOVES = YES;
				CLANG_WARN_UNREACHABLE_CODE = YES;
				CLANG_WARN__DUPLICATE_METHOD_MATCH = YES;
				"CODE_SIGN_IDENTITY[sdk=iphoneos*]" = "iPhone Developer";
				COPY_PHASE_STRIP = NO;
				DEBUG_INFORMATION_FORMAT = dwarf;
				ENABLE_STRICT_OBJC_MSGSEND = YES;
				ENABLE_TESTABILITY = YES;
				GCC_C_LANGUAGE_STANDARD = gnu99;
				GCC_DYNAMIC_NO_PIC = NO;
				GCC_NO_COMMON_BLOCKS = YES;
				GCC_OPTIMIZATION_LEVEL = 0;
				GCC_PREPROCESSOR_DEFINITIONS = (
					"DEBUG=1",
					"$(inherited)",
				);
				GCC_WARN_64_TO_32_BIT_CONVERSION = YES;
				GCC_WARN_ABOUT_RETURN_TYPE = YES_ERROR;
				GCC_WARN_UNDECLARED_SELECTOR = YES;
				GCC_WARN_UNINITIALIZED_AUTOS = YES_AGGRESSIVE;
				GCC_WARN_UNUSED_FUNCTION = YES;
				GCC_WARN_UNUSED_VARIABLE = YES;
				IPHONEOS_DEPLOYMENT_TARGET = 10.0;
				MTL_ENABLE_DEBUG_INFO = YES;
				ONLY_ACTIVE_ARCH = YES;
				SDKROOT = iphoneos;
			};
			name = Debug;
		};
		5E47D90B1DCD6B3A00B7EDC8 /* Release */ = {
			isa = XCBuildConfiguration;
			buildSettings = {
				ALWAYS_SEARCH_USER_PATHS = NO;
				CLANG_ANALYZER_NONNULL = YES;
				CLANG_CXX_LANGUAGE_STANDARD = "gnu++0x";
				CLANG_CXX_LIBRARY = "libc++";
				CLANG_ENABLE_MODULES = YES;
				CLANG_ENABLE_OBJC_ARC = YES;
				CLANG_WARN_BOOL_CONVERSION = YES;
				CLANG_WARN_CONSTANT_CONVERSION = YES;
				CLANG_WARN_DIRECT_OBJC_ISA_USAGE = YES_ERROR;
				CLANG_WARN_DOCUMENTATION_COMMENTS = YES;
				CLANG_WARN_EMPTY_BODY = YES;
				CLANG_WARN_ENUM_CONVERSION = YES;
				CLANG_WARN_INFINITE_RECURSION = YES;
				CLANG_WARN_INT_CONVERSION = YES;
				CLANG_WARN_OBJC_ROOT_CLASS = YES_ERROR;
				CLANG_WARN_SUSPICIOUS_MOVES = YES;
				CLANG_WARN_UNREACHABLE_CODE = YES;
				CLANG_WARN__DUPLICATE_METHOD_MATCH = YES;
				"CODE_SIGN_IDENTITY[sdk=iphoneos*]" = "iPhone Developer";
				COPY_PHASE_STRIP = NO;
				DEBUG_INFORMATION_FORMAT = "dwarf-with-dsym";
				ENABLE_NS_ASSERTIONS = NO;
				ENABLE_STRICT_OBJC_MSGSEND = YES;
				GCC_C_LANGUAGE_STANDARD = gnu99;
				GCC_NO_COMMON_BLOCKS = YES;
				GCC_WARN_64_TO_32_BIT_CONVERSION = YES;
				GCC_WARN_ABOUT_RETURN_TYPE = YES_ERROR;
				GCC_WARN_UNDECLARED_SELECTOR = YES;
				GCC_WARN_UNINITIALIZED_AUTOS = YES_AGGRESSIVE;
				GCC_WARN_UNUSED_FUNCTION = YES;
				GCC_WARN_UNUSED_VARIABLE = YES;
				IPHONEOS_DEPLOYMENT_TARGET = 10.0;
				MTL_ENABLE_DEBUG_INFO = NO;
				SDKROOT = iphoneos;
				VALIDATE_PRODUCT = YES;
			};
			name = Release;
		};
		5E47D90D1DCD6B3A00B7EDC8 /* Debug */ = {
			isa = XCBuildConfiguration;
			baseConfigurationReference = 770494363DD8270615CAFA9E /* Pods-FontsDownload.debug.xcconfig */;
			buildSettings = {
				DEVELOPMENT_TEAM = 496JMV52SE;
				GCC_PRECOMPILE_PREFIX_HEADER = YES;
				GCC_PREFIX_HEADER = "$(SRCROOT)/FontsDownload/FontsDownload.pch";
				INFOPLIST_FILE = FontsDownload/Info.plist;
				LD_RUNPATH_SEARCH_PATHS = "$(inherited) @executable_path/Frameworks";
				PRODUCT_BUNDLE_IDENTIFIER = com.yangzhuokeji.FontsDownload;
				PRODUCT_NAME = "$(TARGET_NAME)";
			};
			name = Debug;
		};
		5E47D90E1DCD6B3A00B7EDC8 /* Release */ = {
			isa = XCBuildConfiguration;
			baseConfigurationReference = 3DA78CC432F53FC3BB74277D /* Pods-FontsDownload.release.xcconfig */;
			buildSettings = {
				DEVELOPMENT_TEAM = 496JMV52SE;
				GCC_PRECOMPILE_PREFIX_HEADER = YES;
				GCC_PREFIX_HEADER = "$(SRCROOT)/FontsDownload/FontsDownload.pch";
				INFOPLIST_FILE = FontsDownload/Info.plist;
				LD_RUNPATH_SEARCH_PATHS = "$(inherited) @executable_path/Frameworks";
				PRODUCT_BUNDLE_IDENTIFIER = com.yangzhuokeji.FontsDownload;
				PRODUCT_NAME = "$(TARGET_NAME)";
			};
			name = Release;
		};
/* End XCBuildConfiguration section */

/* Begin XCConfigurationList section */
		5E47D8F01DCD6B3A00B7EDC8 /* Build configuration list for PBXProject "FontsDownload" */ = {
			isa = XCConfigurationList;
			buildConfigurations = (
				5E47D90A1DCD6B3A00B7EDC8 /* Debug */,
				5E47D90B1DCD6B3A00B7EDC8 /* Release */,
			);
			defaultConfigurationIsVisible = 0;
			defaultConfigurationName = Release;
		};
		5E47D90C1DCD6B3A00B7EDC8 /* Build configuration list for PBXNativeTarget "FontsDownload" */ = {
			isa = XCConfigurationList;
			buildConfigurations = (
				5E47D90D1DCD6B3A00B7EDC8 /* Debug */,
				5E47D90E1DCD6B3A00B7EDC8 /* Release */,
			);
			defaultConfigurationIsVisible = 0;
			defaultConfigurationName = Release;
		};
/* End XCConfigurationList section */
	};
	rootObject = 5E47D8ED1DCD6B3A00B7EDC8 /* Project object */;
}
